
Microsoft Visual Studio Solution File, Format Version 12.00
# Visual Studio Version 16
VisualStudioVersion = 16.0.31911.196
MinimumVisualStudioVersion = 10.0.40219.1
Project("{8BC9CEB8-8B4A-11D0-8D11-00A0C91BC942}") = "Q232_ImplementQueueUsingStacks", "Q232_ImplementQueueUsingStacks\Q232_ImplementQueueUsingStacks.vcxproj", "{DE5BFC8D-5A21-4B10-899A-2E955E7F6374}"
EndProject
Global
	GlobalSection(SolutionConfigurationPlatforms) = preSolution
		Debug|x64 = Debug|x64
		Debug|x86 = Debug|x86
		Release|x64 = Release|x64
		Release|x86 = Release|x86
	EndGlobalSection
	GlobalSection(ProjectConfigurationPlatforms) = postSolution
		{DE5BFC8D-5A21-4B10-899A-2E955E7F6374}.Debug|x64.ActiveCfg = Debug|x64
		{DE5BFC8D-5A21-4B10-899A-2E955E7F6374}.Debug|x64.Build.0 = Debug|x64
		{DE5BFC8D-5A21-4B10-899A-2E955E7F6374}.Debug|x86.ActiveCfg = Debug|Win32
		{DE5BFC8D-5A21-4B10-899A-2E955E7F6374}.Debug|x86.Build.0 = Debug|Win32
		{DE5BFC8D-5A21-4B10-899A-2E955E7F6374}.Release|x64.ActiveCfg = Release|x64
		{DE5BFC8D-5A21-4B10-899A-2E955E7F6374}.Release|x64.Build.0 = Release|x64
		{DE5BFC8D-5A21-4B10-899A-2E955E7F6374}.Release|x86.ActiveCfg = Release|Win32
		{DE5BFC8D-5A21-4B10-899A-2E955E7F6374}.Release|x86.Build.0 = Release|Win32
	EndGlobalSection
	GlobalSection(SolutionProperties) = preSolution
		HideSolutionNode = FALSE
	EndGlobalSection
	GlobalSection(ExtensibilityGlobals) = postSolution
		SolutionGuid = {4377F29E-8E50-4930-8259-A25DC9CE0E9D}
	EndGlobalSection
EndGlobal
